
Microsoft Visual Studio Solution File, Format Version 12.00
# Visual Studio Version 16
VisualStudioVersion = 16.0.32126.315
MinimumVisualStudioVersion = 10.0.40219.1
Project("{FAE04EC0-301F-11D3-BF4B-00C04F79EFBC}") = "WebApplication1", "WebApplication1\WebApplication1.csproj", "{E699DD2B-AD40-45FA-91C0-AAB387F03B2D}"
EndProject
Global
	GlobalSection(SolutionConfigurationPlatforms) = preSolution
		Debug|Any CPU = Debug|Any CPU
		Release|Any CPU = Release|Any CPU
	EndGlobalSection
	GlobalSection(ProjectConfigurationPlatforms) = postSolution
		{E699DD2B-AD40-45FA-91C0-AAB387F03B2D}.Debug|Any CPU.ActiveCfg = Debug|Any CPU
		{E699DD2B-AD40-45FA-91C0-AAB387F03B2D}.Debug|Any CPU.Build.0 = Debug|Any CPU
		{E699DD2B-AD40-45FA-91C0-AAB387F03B2D}.Release|Any CPU.ActiveCfg = Release|Any CPU
		{E699DD2B-AD40-45FA-91C0-AAB387F03B2D}.Release|Any CPU.Build.0 = Release|Any CPU
	EndGlobalSection
	GlobalSection(SolutionProperties) = preSolution
		HideSolutionNode = FALSE
	EndGlobalSection
	GlobalSection(ExtensibilityGlobals) = postSolution
		SolutionGuid = {AC71D59F-20F3-4F70-9B93-D9E4C3D8EEFC}
	EndGlobalSection
EndGlobal
